
Microsoft Visual Studio Solution File, Format Version 11.00
# Visual Studio 2010
Project("{8BC9CEB8-8B4A-11D0-8D11-00A0C91BC942}") = "testspoof", "testspoof\testspoof.vcxproj", "{69A6DBC3-68DC-4C7D-BDD0-B57DAC7A2041}"
EndProject
Global
	GlobalSection(SolutionConfigurationPlatforms) = preSolution
		Debug|Win32 = Debug|Win32
		Release|Win32 = Release|Win32
	EndGlobalSection
	GlobalSection(ProjectConfigurationPlatforms) = postSolution
		{69A6DBC3-68DC-4C7D-BDD0-B57DAC7A2041}.Debug|Win32.ActiveCfg = Debug|Win32
		{69A6DBC3-68DC-4C7D-BDD0-B57DAC7A2041}.Debug|Win32.Build.0 = Debug|Win32
		{69A6DBC3-68DC-4C7D-BDD0-B57DAC7A2041}.Release|Win32.ActiveCfg = Release|Win32
		{69A6DBC3-68DC-4C7D-BDD0-B57DAC7A2041}.Release|Win32.Build.0 = Release|Win32
	EndGlobalSection
	GlobalSection(SolutionProperties) = preSolution
		HideSolutionNode = FALSE
	EndGlobalSection
EndGlobal
